
Microsoft Visual Studio Solution File, Format Version 12.00
# Visual Studio Version 16
VisualStudioVersion = 16.0.34114.132
MinimumVisualStudioVersion = 10.0.40219.1
Project("{FAE04EC0-301F-11D3-BF4B-00C04F79EFBC}") = "TakeFlight(ASP.NET)", "TakeFlight(ASP.NET)\TakeFlight(ASP.NET).csproj", "{CEF0A454-C338-4395-8A16-31B93616C71C}"
EndProject
Global
	GlobalSection(SolutionConfigurationPlatforms) = preSolution
		Debug|Any CPU = Debug|Any CPU
		Release|Any CPU = Release|Any CPU
	EndGlobalSection
	GlobalSection(ProjectConfigurationPlatforms) = postSolution
		{CEF0A454-C338-4395-8A16-31B93616C71C}.Debug|Any CPU.ActiveCfg = Debug|Any CPU
		{CEF0A454-C338-4395-8A16-31B93616C71C}.Debug|Any CPU.Build.0 = Debug|Any CPU
		{CEF0A454-C338-4395-8A16-31B93616C71C}.Release|Any CPU.ActiveCfg = Release|Any CPU
		{CEF0A454-C338-4395-8A16-31B93616C71C}.Release|Any CPU.Build.0 = Release|Any CPU
	EndGlobalSection
	GlobalSection(SolutionProperties) = preSolution
		HideSolutionNode = FALSE
	EndGlobalSection
	GlobalSection(ExtensibilityGlobals) = postSolution
		SolutionGuid = {C4EDA7EA-B1EE-4E35-B31C-D7C56A7119A7}
	EndGlobalSection
EndGlobal
